
Microsoft Visual Studio Solution File, Format Version 12.00
# Visual Studio Version 16
VisualStudioVersion = 16.0.31313.79
MinimumVisualStudioVersion = 10.0.40219.1
Project("{FAE04EC0-301F-11D3-BF4B-00C04F79EFBC}") = "MyQueue", "MyQueue.csproj", "{AF37CD8D-8AD0-4F61-92A6-31ABF7E3BD44}"
EndProject
Global
	GlobalSection(SolutionConfigurationPlatforms) = preSolution
		Debug|Any CPU = Debug|Any CPU
		Release|Any CPU = Release|Any CPU
	EndGlobalSection
	GlobalSection(ProjectConfigurationPlatforms) = postSolution
		{AF37CD8D-8AD0-4F61-92A6-31ABF7E3BD44}.Debug|Any CPU.ActiveCfg = Debug|Any CPU
		{AF37CD8D-8AD0-4F61-92A6-31ABF7E3BD44}.Debug|Any CPU.Build.0 = Debug|Any CPU
		{AF37CD8D-8AD0-4F61-92A6-31ABF7E3BD44}.Release|Any CPU.ActiveCfg = Release|Any CPU
		{AF37CD8D-8AD0-4F61-92A6-31ABF7E3BD44}.Release|Any CPU.Build.0 = Release|Any CPU
	EndGlobalSection
	GlobalSection(SolutionProperties) = preSolution
		HideSolutionNode = FALSE
	EndGlobalSection
	GlobalSection(ExtensibilityGlobals) = postSolution
		SolutionGuid = {60BC5E3D-792B-474C-B9DE-833F445709B2}
	EndGlobalSection
EndGlobal
